hash: 70f1d4b2b10ebcb0b87da64432e6c90837423178bf3c3b9c22d8d3fbc090d7aa
updated: 2016-04-18T10:01:52.197231593+01:00
imports:
- name: github.com/codegangsta/cli
  version: 71f57d300dd6a780ac1856c005c4b518cfd498ec
- name: github.com/fatih/color
  version: 533cd7fd8a85905f67a1753afb4deddc85ea174f
devImports: []
